
Microsoft Visual Studio Solution File, Format Version 9.00
# Visual Studio 2005
Project("{FAE04EC0-301F-11D3-BF4B-00C04F79EFBC}") = "perfectRAW", "perfectRAW.csproj", "{5713F5CD-11A3-4B5D-9CAC-1DFA2314BAC2}"
EndProject
Global
	GlobalSection(SolutionConfigurationPlatforms) = preSolution
		Debug|Any CPU = Debug|Any CPU
		Release|Any CPU = Release|Any CPU
	EndGlobalSection
	GlobalSection(ProjectConfigurationPlatforms) = postSolution
		{5713F5CD-11A3-4B5D-9CAC-1DFA2314BAC2}.Debug|Any CPU.ActiveCfg = Debug|Any CPU
		{5713F5CD-11A3-4B5D-9CAC-1DFA2314BAC2}.Debug|Any CPU.Build.0 = Debug|Any CPU
		{5713F5CD-11A3-4B5D-9CAC-1DFA2314BAC2}.Release|Any CPU.ActiveCfg = Release|Any CPU
		{5713F5CD-11A3-4B5D-9CAC-1DFA2314BAC2}.Release|Any CPU.Build.0 = Release|Any CPU
	EndGlobalSection
	GlobalSection(SolutionProperties) = preSolution
		HideSolutionNode = FALSE
	EndGlobalSection
EndGlobal
