
Microsoft Visual Studio Solution File, Format Version 9.00
# Visual Studio 2005
Project("{8BC9CEB8-8B4A-11D0-8D11-00A0C91BC942}") = "PerfectImageDLL", "PerfectImageDLL\PerfectImageDLL.vcproj", "{68281793-B2BE-45A0-951B-1E73183FB041}"
EndProject
Project("{FAE04EC0-301F-11D3-BF4B-00C04F79EFBC}") = "test", "testPerfectControls\test.csproj", "{E2416F06-8E6A-445B-B4DA-61233DBA60EA}"
EndProject
Project("{FAE04EC0-301F-11D3-BF4B-00C04F79EFBC}") = "PerfectControls", "PerfectControls\PerfectControls.csproj", "{2BB59524-EB71-4FAF-948A-2F07541EDE65}"
EndProject
Global
	GlobalSection(SolutionConfigurationPlatforms) = preSolution
		Debug|Win32 = Debug|Win32
		Release|Win32 = Release|Win32
	EndGlobalSection
	GlobalSection(ProjectConfigurationPlatforms) = postSolution
		{68281793-B2BE-45A0-951B-1E73183FB041}.Debug|Win32.ActiveCfg = Debug|Win32
		{68281793-B2BE-45A0-951B-1E73183FB041}.Debug|Win32.Build.0 = Debug|Win32
		{68281793-B2BE-45A0-951B-1E73183FB041}.Release|Win32.ActiveCfg = Release|Win32
		{68281793-B2BE-45A0-951B-1E73183FB041}.Release|Win32.Build.0 = Release|Win32
		{E2416F06-8E6A-445B-B4DA-61233DBA60EA}.Debug|Win32.ActiveCfg = Debug|x86
		{E2416F06-8E6A-445B-B4DA-61233DBA60EA}.Debug|Win32.Build.0 = Debug|x86
		{E2416F06-8E6A-445B-B4DA-61233DBA60EA}.Release|Win32.ActiveCfg = Release|x86
		{E2416F06-8E6A-445B-B4DA-61233DBA60EA}.Release|Win32.Build.0 = Release|x86
		{2BB59524-EB71-4FAF-948A-2F07541EDE65}.Debug|Win32.ActiveCfg = Debug|x86
		{2BB59524-EB71-4FAF-948A-2F07541EDE65}.Debug|Win32.Build.0 = Debug|x86
		{2BB59524-EB71-4FAF-948A-2F07541EDE65}.Release|Win32.ActiveCfg = Release|x86
		{2BB59524-EB71-4FAF-948A-2F07541EDE65}.Release|Win32.Build.0 = Release|x86
	EndGlobalSection
	GlobalSection(SolutionProperties) = preSolution
		HideSolutionNode = FALSE
	EndGlobalSection
EndGlobal
